
Microsoft Visual Studio Solution File, Format Version 12.00
# Visual Studio Version 17
VisualStudioVersion = 17.6.33829.357
MinimumVisualStudioVersion = 10.0.40219.1
Project("{FAE04EC0-301F-11D3-BF4B-00C04F79EFBC}") = "Pritz_API", "Pritz_API\Pritz_API.csproj", "{BFD297DD-2E2B-4995-A308-AFDB78BCEFBE}"
EndProject
Global
	GlobalSection(SolutionConfigurationPlatforms) = preSolution
		Debug|Any CPU = Debug|Any CPU
		Release|Any CPU = Release|Any CPU
	EndGlobalSection
	GlobalSection(ProjectConfigurationPlatforms) = postSolution
		{BFD297DD-2E2B-4995-A308-AFDB78BCEFBE}.Debug|Any CPU.ActiveCfg = Debug|Any CPU
		{BFD297DD-2E2B-4995-A308-AFDB78BCEFBE}.Debug|Any CPU.Build.0 = Debug|Any CPU
		{BFD297DD-2E2B-4995-A308-AFDB78BCEFBE}.Release|Any CPU.ActiveCfg = Release|Any CPU
		{BFD297DD-2E2B-4995-A308-AFDB78BCEFBE}.Release|Any CPU.Build.0 = Release|Any CPU
	EndGlobalSection
	GlobalSection(SolutionProperties) = preSolution
		HideSolutionNode = FALSE
	EndGlobalSection
	GlobalSection(ExtensibilityGlobals) = postSolution
		SolutionGuid = {B6C41C8B-2E9E-47A2-BD88-3A587537365F}
	EndGlobalSection
EndGlobal
